{
  "requires": true,
  "lockfileVersion": 1,
  "dependencies": {
    "ansi-regex": {
      "version": "5.0.0",
      "resolved": "http://npm.paypal.com/artifactory/api/npm/npm-all/ansi-regex/-/ansi-regex-5.0.0.tgz",
      "integrity": "sha1-OIU59VF5vzkznIGvMKZU1p+Hy3U="
    },
    "char-regex": {
      "version": "1.0.2",
      "resolved": "http://npm.paypal.com/artifactory/api/npm/npm-all/char-regex/-/char-regex-1.0.2.tgz",
      "integrity": "sha1-10Q1giYhf5ge1Y9Hmx1rzClUXc8="
    },
    "string-length": {
      "version": "4.0.2",
      "resolved": "http://npm.paypal.com/artifactory/api/npm/npm-all/string-length/-/string-length-4.0.2.tgz",
      "integrity": "sha1-qKjce9XBqCubPIuH4SX2aHG25Xo=",
      "requires": {
        "char-regex": "^1.0.2",
        "strip-ansi": "^6.0.0"
      }
    },
    "strip-ansi": {
      "version": "6.0.0",
      "resolved": "http://npm.paypal.com/artifactory/api/npm/npm-all/strip-ansi/-/strip-ansi-6.0.0.tgz",
      "integrity": "sha1-CxVx3XZpzNTz4G4U7x7tJiJa5TI=",
      "requires": {
        "ansi-regex": "^5.0.0"
      }
    }
  }
}
